{
  "object": {
    "pins": [
      {
        "package": "Swifter",
        "repositoryURL": "https://github.com/apocolipse/swifter",
        "state": {
          "branch": null,
          "revision": "cceb3b5ddb5afa190a951e40af8e395f1ee22c37",
          "version": "1.4.7"
        }
      },
      {
        "package": "SwiftLIRC",
        "repositoryURL": "git@github.com:apocolipse/SwiftLIRC.git",
        "state": {
          "branch": null,
          "revision": "9ef623437e399e947f2010d878d507c400ad0b9a",
          "version": "0.2.5"
        }
      }
    ]
  },
  "version": 1
}
