{
  "object": {
    "pins": [
      {
        "package": "Swifter",
        "repositoryURL": "https://github.com/apocolipse/swifter",
        "state": {
          "branch": null,
          "revision": "cceb3b5ddb5afa190a951e40af8e395f1ee22c37",
          "version": "1.4.7"
        }
      },
      {
        "package": "SwiftLIRC",
        "repositoryURL": "git@github.com:apocolipse/SwiftLIRC.git",
        "state": {
          "branch": null,
          "revision": "cb420e1b27d191747e9e40e9a0f97aabcd12c809",
          "version": "0.1.3"
        }
      }
    ]
  },
  "version": 1
}
