{
  "object": {
    "pins": [
      {
        "package": "Swifter",
        "repositoryURL": "https://github.com/apocolipse/swifter",
        "state": {
          "branch": null,
          "revision": "cceb3b5ddb5afa190a951e40af8e395f1ee22c37",
          "version": "1.4.7"
        }
      },
      {
        "package": "SwiftLIRC",
        "repositoryURL": "git@github.com:apocolipse/SwiftLIRC.git",
        "state": {
          "branch": null,
          "revision": "e938694aa5c243f3af2f6e2ec2ca63315c033def",
          "version": "0.2.9"
        }
      }
    ]
  },
  "version": 1
}
